
Microsoft Visual Studio Solution File, Format Version 12.00
# Visual Studio Version 17
VisualStudioVersion = 17.5.33516.290
MinimumVisualStudioVersion = 10.0.40219.1
Project("{FAE04EC0-301F-11D3-BF4B-00C04F79EFBC}") = "LoginScreen", "LoginScreen\LoginScreen.csproj", "{68F5CC99-C684-4B6A-9B89-2BB5C7BFF6BC}"
EndProject
Global
	GlobalSection(SolutionConfigurationPlatforms) = preSolution
		Debug|Any CPU = Debug|Any CPU
		Release|Any CPU = Release|Any CPU
	EndGlobalSection
	GlobalSection(ProjectConfigurationPlatforms) = postSolution
		{68F5CC99-C684-4B6A-9B89-2BB5C7BFF6BC}.Debug|Any CPU.ActiveCfg = Debug|Any CPU
		{68F5CC99-C684-4B6A-9B89-2BB5C7BFF6BC}.Debug|Any CPU.Build.0 = Debug|Any CPU
		{68F5CC99-C684-4B6A-9B89-2BB5C7BFF6BC}.Release|Any CPU.ActiveCfg = Release|Any CPU
		{68F5CC99-C684-4B6A-9B89-2BB5C7BFF6BC}.Release|Any CPU.Build.0 = Release|Any CPU
	EndGlobalSection
	GlobalSection(SolutionProperties) = preSolution
		HideSolutionNode = FALSE
	EndGlobalSection
	GlobalSection(ExtensibilityGlobals) = postSolution
		SolutionGuid = {318642DC-D885-4A13-9843-419C4E005456}
	EndGlobalSection
EndGlobal
